{"1.2.0",
[{<<"accept">>,{pkg,<<"accept">>,<<"0.3.7">>},1},
 {<<"b64veryfast">>,
  {git,"https://github.com/permaweb/b64veryfast.git",
       {ref,"20ea7c4b5420501c9a4d5f19d8f043a2e96f3271"}},
  0},
 {<<"base32">>,{pkg,<<"base32">>,<<"1.0.0">>},0},
 {<<"certifi">>,{pkg,<<"certifi">>,<<"2.15.0">>},1},
 {<<"cowboy">>,{pkg,<<"cowboy">>,<<"2.14.0">>},0},
 {<<"cowlib">>,{pkg,<<"cowlib">>,<<"2.16.0">>},0},
 {<<"ddskerl">>,{pkg,<<"ddskerl">>,<<"0.4.2">>},1},
 {<<"elmdb">>,
  {git,"https://github.com/permaweb/elmdb-rs.git",
       {ref,"acd8c95e9d4466a8bb77082b6eed17d6220835df"}},
  0},
 {<<"eqwalizer_support">>,
  {git_subdir,"https://github.com/whatsapp/eqwalizer.git",
              {ref,"0f514eb3893fa7070835c83ecb49fbea31b0426d"},
              "eqwalizer_support"},
  0},
 {<<"graphql">>,
  {git,"https://github.com/permaweb/graphql-erlang.git",
       {ref,"0071dac3871de6bfb4a430585ef06777ab22fd26"}},
  0},
 {<<"gun">>,{pkg,<<"gun">>,<<"2.2.0">>},0},
 {<<"hackney">>,{pkg,<<"hackney">>,<<"1.25.0">>},0},
 {<<"idna">>,{pkg,<<"idna">>,<<"6.1.1">>},1},
 {<<"luerl">>,{pkg,<<"luerl">>,<<"1.3.0">>},0},
 {<<"metrics">>,{pkg,<<"metrics">>,<<"1.0.1">>},1},
 {<<"mimerl">>,{pkg,<<"mimerl">>,<<"1.4.0">>},1},
 {<<"parse_trans">>,{pkg,<<"parse_trans">>,<<"3.4.1">>},1},
 {<<"prometheus">>,{pkg,<<"prometheus">>,<<"6.0.3">>},0},
 {<<"prometheus_cowboy">>,{pkg,<<"prometheus_cowboy">>,<<"0.2.0">>},0},
 {<<"prometheus_httpd">>,{pkg,<<"prometheus_httpd">>,<<"2.1.15">>},0},
 {<<"prometheus_ranch">>,
  {git,"https://github.com/permaweb/prometheus_ranch.git",
       {ref,"73f16ed9856972ced3fb8f4168004fffe742d5b2"}},
  0},
 {<<"ranch">>,{pkg,<<"ranch">>,<<"2.2.0">>},0},
 {<<"ssl_verify_fun">>,{pkg,<<"ssl_verify_fun">>,<<"1.1.7">>},1},
 {<<"unicode_util_compat">>,{pkg,<<"unicode_util_compat">>,<<"0.7.1">>},1}]}.
[
{pkg_hash,[
 {<<"accept">>, <<"CD6E34A2D7E28CA38B2D3CB233734CA0C221EFBC1F171F91FEC5F162CC2D18DA">>},
 {<<"base32">>, <<"1AB331F812FCC254C8F7D4348E1E5A6F2B9B32B7A260BF2BC3358E3BF14C841A">>},
 {<<"certifi">>, <<"0E6E882FCDAAA0A5A9F2B3DB55B1394DBA07E8D6D9BCAD08318FB604C6839712">>},
 {<<"cowboy">>, <<"565DCF221BA99B1255B0ADCEC24D2D8DBE79E46EC79F30F8373CCEADC6A41E2A">>},
 {<<"cowlib">>, <<"54592074EBBBB92EE4746C8A8846E5605052F29309D3A873468D76CDF932076F">>},
 {<<"ddskerl">>, <<"A51A90BE9AC9B36A94017670BED479C623B10CA9D4BDA1EDF3A0E48CAEEADA2A">>},
 {<<"gun">>, <<"B8F6B7D417E277D4C2B0DC3C07DFDF892447B087F1CC1CAFF9C0F556B884E33D">>},
 {<<"hackney">>, <<"390E9B83F31E5B325B9F43B76E1A785CBDB69B5B6CD4E079AA67835DED046867">>},
 {<<"idna">>, <<"8A63070E9F7D0C62EB9D9FCB360A7DE382448200FBBD1B106CC96D3D8099DF8D">>},
 {<<"luerl">>, <<"B56423DDB721432AB980B818FEECB84ADBAB115E2E11522CF94BCD0729CAA501">>},
 {<<"metrics">>, <<"25F094DEA2CDA98213CECC3AEFF09E940299D950904393B2A29D191C346A8486">>},
 {<<"mimerl">>, <<"3882A5CA67FBBE7117BA8947F27643557ADEC38FA2307490C4C4207624CB213B">>},
 {<<"parse_trans">>, <<"6E6AA8167CB44CC8F39441D05193BE6E6F4E7C2946CB2759F015F8C56B76E5FF">>},
 {<<"prometheus">>, <<"95302236124C0F919163A7762BF7D2B171B919B6FF6148D26EB38A5D2DEF7B81">>},
 {<<"prometheus_cowboy">>, <<"526F75D9850A9125496F78BCEECCA0F237BC7B403C976D44508543AE5967DAD9">>},
 {<<"prometheus_httpd">>, <<"8F767D819A5D36275EAB9264AFF40D87279151646776069BF69FBDBBD562BD75">>},
 {<<"ranch">>, <<"25528F82BC8D7C6152C57666CA99EC716510FE0925CB188172F41CE93117B1B0">>},
 {<<"ssl_verify_fun">>, <<"354C321CF377240C7B8716899E182CE4890C5938111A1296ADD3EC74CF1715DF">>},
 {<<"unicode_util_compat">>, <<"A48703A25C170EEDADCA83B11E88985AF08D35F37C6F664D6DCFB106A97782FC">>}]},
{pkg_hash_ext,[
 {<<"accept">>, <<"CA69388943F5DAD2E7232A5478F16086E3C872F48E32B88B378E1885A59F5649">>},
 {<<"base32">>, <<"0449285348ED0C4CD83C7198E76C5FD5A0451C4EF18695B9FD43792A503E551A">>},
 {<<"certifi">>, <<"B147ED22CE71D72EAFDAD94F055165C1C182F61A2FF49DF28BCC71D1D5B94A60">>},
 {<<"cowboy">>, <<"EA99769574550FE8A83225C752E8A62780A586770EF408816B82B6FE6D46476B">>},
 {<<"cowlib">>, <<"7F478D80D66B747344F0EA7708C187645CFCC08B11AA424632F78E25BF05DB51">>},
 {<<"ddskerl">>, <<"63F907373D7E548151D584D4DA8A38928FD26EC9477B94C0FFAAD87D7CB69FE7">>},
 {<<"gun">>, <<"76022700C64287FEB4DF93A1795CFF6741B83FB37415C40C34C38D2A4645261A">>},
 {<<"hackney">>, <<"7209BFD75FD1F42467211FF8F59EA74D6F2A9E81CBCEE95A56711EE79FD6B1D4">>},
 {<<"idna">>, <<"92376EB7894412ED19AC475E4A86F7B413C1B9FBB5BD16DCCD57934157944CEA">>},
 {<<"luerl">>, <<"6B3138AA829F0FBC4CD0F083F273B4030A2B6CE99155194A6DB8C67B2C3480A4">>},
 {<<"metrics">>, <<"69B09ADDDC4F74A40716AE54D140F93BEB0FB8978D8636EADED0C31B6F099F16">>},
 {<<"mimerl">>, <<"13AF15F9F68C65884ECCA3A3891D50A7B57D82152792F3E19D88650AA126B144">>},
 {<<"parse_trans">>, <<"620A406CE75DADA827B82E453C19CF06776BE266F5A67CFF34E1EF2CBB60E49A">>},
 {<<"prometheus">>, <<"53554ECADAC0354066801D514D1A244DD026175E4EE3A9A30192B71D530C8268">>},
 {<<"prometheus_cowboy">>, <<"2C7EB12F4B970D91E3B47BAAD0F138F6ADC34E53EEB0AE18068FF0AFAB441B24">>},
 {<<"prometheus_httpd">>, <<"67736D000745184D5013C58A63E947821AB90CB9320BC2E6AE5D3061C6FFE039">>},
 {<<"ranch">>, <<"FA0B99A1780C80218A4197A59EA8D3BDAE32FBFF7E88527D7D8A4787EFF4F8E7">>},
 {<<"ssl_verify_fun">>, <<"FE4C190E8F37401D30167C8C405EDA19469F34577987C76DDE613E838BBC67F8">>},
 {<<"unicode_util_compat">>, <<"B3A917854CE3AE233619744AD1E0102E05673136776FB2FA76234F3E03B23642">>}]}
].
